
Microsoft Visual Studio Solution File, Format Version 12.00
# Visual Studio Version 17
VisualStudioVersion = 17.11.35312.102
MinimumVisualStudioVersion = 10.0.40219.1
Project("{FAE04EC0-301F-11D3-BF4B-00C04F79EFBC}") = "ForeverPreds", "ForeverPreds.csproj", "{C6AD08C5-8BF1-4A56-BDE5-861EC3034F90}"
EndProject
Global
	GlobalSection(SolutionConfigurationPlatforms) = preSolution
		Debug|Any CPU = Debug|Any CPU
		Release|Any CPU = Release|Any CPU
	EndGlobalSection
	GlobalSection(ProjectConfigurationPlatforms) = postSolution
		{C6AD08C5-8BF1-4A56-BDE5-861EC3034F90}.Debug|Any CPU.ActiveCfg = Debug|Any CPU
		{C6AD08C5-8BF1-4A56-BDE5-861EC3034F90}.Debug|Any CPU.Build.0 = Debug|Any CPU
		{C6AD08C5-8BF1-4A56-BDE5-861EC3034F90}.Release|Any CPU.ActiveCfg = Release|Any CPU
		{C6AD08C5-8BF1-4A56-BDE5-861EC3034F90}.Release|Any CPU.Build.0 = Release|Any CPU
	EndGlobalSection
	GlobalSection(SolutionProperties) = preSolution
		HideSolutionNode = FALSE
	EndGlobalSection
	GlobalSection(ExtensibilityGlobals) = postSolution
		SolutionGuid = {C3EF44F1-847C-450C-A694-18A03D060FC2}
	EndGlobalSection
EndGlobal
